
Microsoft Visual Studio Solution File, Format Version 12.00
# Visual Studio Version 16
VisualStudioVersion = 16.0.28809.33
MinimumVisualStudioVersion = 10.0.40219.1
Project("{9A19103F-16F7-4668-BE54-9A1E7A4F7556}") = "DMISharp", "DMISharp\DMISharp.csproj", "{6910CB5B-7C70-4533-80D3-7B3B9E4D7F96}"
EndProject
Project("{FAE04EC0-301F-11D3-BF4B-00C04F79EFBC}") = "DMISharpTests", "DMISharpTests\DMISharpTests.csproj", "{BD696644-5CDF-4BD3-9E07-554FCAAA1D7F}"
EndProject
Global
	GlobalSection(SolutionConfigurationPlatforms) = preSolution
		Debug|Any CPU = Debug|Any CPU
		Release|Any CPU = Release|Any CPU
	EndGlobalSection
	GlobalSection(ProjectConfigurationPlatforms) = postSolution
		{6910CB5B-7C70-4533-80D3-7B3B9E4D7F96}.Debug|Any CPU.ActiveCfg = Debug|Any CPU
		{6910CB5B-7C70-4533-80D3-7B3B9E4D7F96}.Debug|Any CPU.Build.0 = Debug|Any CPU
		{6910CB5B-7C70-4533-80D3-7B3B9E4D7F96}.Release|Any CPU.ActiveCfg = Release|Any CPU
		{6910CB5B-7C70-4533-80D3-7B3B9E4D7F96}.Release|Any CPU.Build.0 = Release|Any CPU
		{BD696644-5CDF-4BD3-9E07-554FCAAA1D7F}.Debug|Any CPU.ActiveCfg = Debug|Any CPU
		{BD696644-5CDF-4BD3-9E07-554FCAAA1D7F}.Debug|Any CPU.Build.0 = Debug|Any CPU
		{BD696644-5CDF-4BD3-9E07-554FCAAA1D7F}.Release|Any CPU.ActiveCfg = Release|Any CPU
		{BD696644-5CDF-4BD3-9E07-554FCAAA1D7F}.Release|Any CPU.Build.0 = Release|Any CPU
	EndGlobalSection
	GlobalSection(SolutionProperties) = preSolution
		HideSolutionNode = FALSE
	EndGlobalSection
	GlobalSection(ExtensibilityGlobals) = postSolution
		SolutionGuid = {C94EC7DC-8C17-4FDB-85CC-D4EE8ACA84BB}
	EndGlobalSection
EndGlobal
